
Microsoft Visual Studio Solution File, Format Version 12.00
# Visual Studio Version 17
VisualStudioVersion = 17.3.32901.215
MinimumVisualStudioVersion = 10.0.40219.1
Project("{FAE04EC0-301F-11D3-BF4B-00C04F79EFBC}") = "MovieStore.Web", "MovieStore.Web\MovieStore.Web.csproj", "{8949BA8C-6D82-47B5-9925-7E671C4C4EB6}"
EndProject
Global
	GlobalSection(SolutionConfigurationPlatforms) = preSolution
		Debug|Any CPU = Debug|Any CPU
		Release|Any CPU = Release|Any CPU
	EndGlobalSection
	GlobalSection(ProjectConfigurationPlatforms) = postSolution
		{8949BA8C-6D82-47B5-9925-7E671C4C4EB6}.Debug|Any CPU.ActiveCfg = Debug|Any CPU
		{8949BA8C-6D82-47B5-9925-7E671C4C4EB6}.Debug|Any CPU.Build.0 = Debug|Any CPU
		{8949BA8C-6D82-47B5-9925-7E671C4C4EB6}.Release|Any CPU.ActiveCfg = Release|Any CPU
		{8949BA8C-6D82-47B5-9925-7E671C4C4EB6}.Release|Any CPU.Build.0 = Release|Any CPU
	EndGlobalSection
	GlobalSection(SolutionProperties) = preSolution
		HideSolutionNode = FALSE
	EndGlobalSection
	GlobalSection(ExtensibilityGlobals) = postSolution
		SolutionGuid = {C6908029-4FFE-4EDE-8AD9-6D59B5097797}
	EndGlobalSection
EndGlobal
